lockfileVersion: 5.3

specifiers:
  '@nestjs/config': ^2.2.0

dependencies:
  '@nestjs/config': 2.2.0

packages:

  /@nestjs/config/2.2.0:
    resolution: {integrity: sha512-78Eg6oMbCy3D/YvqeiGBTOWei1Jwi3f2pSIZcZ1QxY67kYsJzTRTkwRT8Iv30DbK0sGKc1mcloDLD5UXgZAZtg==}
    peerDependencies:
      '@nestjs/common': ^7.0.0 || ^8.0.0 || ^9.0.0
      reflect-metadata: ^0.1.13
      rxjs: ^6.0.0 || ^7.2.0
    dependencies:
      dotenv: 16.0.1
      dotenv-expand: 8.0.3
      lodash: 4.17.21
      uuid: 8.3.2
    dev: false

  /dotenv-expand/8.0.3:
    resolution: {integrity: sha512-SErOMvge0ZUyWd5B0NXMQlDkN+8r+HhVUsxgOO7IoPDOdDRD2JjExpN6y3KnFR66jsJMwSn1pqIivhU5rcJiNg==}
    engines: {node: '>=12'}
    dev: false

  /dotenv/16.0.1:
    resolution: {integrity: sha512-1K6hR6wtk2FviQ4kEiSjFiH5rpzEVi8WW0x96aztHVMhEspNpc4DVOUTEHtEva5VThQ8IaBX1Pe4gSzpVVUsKQ==}
    engines: {node: '>=12'}
    dev: false

  /lodash/4.17.21:
    resolution: {integrity: sha512-v2kDEe57lecTulaDIuNTPy3Ry4gLGJ6Z1O3vE1krgXZNrsQ+LFTGHVxVjcXPs17LhbZVGedAJv8XZ1tvj5FvSg==}
    dev: false

  /uuid/8.3.2:
    resolution: {integrity: sha512-+NYs2QeMWy+GWFOEm9xnn6HCDp0l7QBD7ml8zLUmJ+93Q5NF0NocErnwkTkXVFNiX3/fpC6afS8Dhb/gz7R7eg==}
    hasBin: true
    dev: false
